
Microsoft Visual Studio Solution File, Format Version 12.00
Project("{2150E333-8FDC-42A3-9474-1A3956D46DE8}") = "src", "src", "{61FB8615-BD5B-4329-B675-5F0D47470C37}"
EndProject
Project("{2150E333-8FDC-42A3-9474-1A3956D46DE8}") = "docker", "docker", "{FB5868FB-4FDA-46EA-BACE-5C9926AF2DDA}"
	ProjectSection(SolutionItems) = preProject
		docker\Dockerfile = docker\Dockerfile
	EndProjectSection
EndProject
Project("{FAE04EC0-301F-11D3-BF4B-00C04F79EFBC}") = "TaskManager.Api", "src\TaskManager.Api\TaskManager.Api.csproj", "{1066155B-7A4F-4082-9895-820B9A3970A1}"
EndProject
Project("{2150E333-8FDC-42A3-9474-1A3956D46DE8}") = "scripts", "scripts", "{9285EBDC-13EA-41DE-B849-B5FBB10C7E87}"
	ProjectSection(SolutionItems) = preProject
		scripts\build.ps1 = scripts\build.ps1
		scripts\docker.build.ps1 = scripts\docker.build.ps1
		make.ps1 = make.ps1
	EndProjectSection
EndProject
Project("{FAE04EC0-301F-11D3-BF4B-00C04F79EFBC}") = "TaskManager.DataAccess", "src\TaskManager.DataAccess\TaskManager.DataAccess.csproj", "{6077159A-2EBF-4AA9-A91B-2093687C5EE0}"
EndProject
Project("{FAE04EC0-301F-11D3-BF4B-00C04F79EFBC}") = "TaskManager.Services", "src\TaskManager.Services\TaskManager.Services.csproj", "{D0BD1F23-2606-4A20-9FBD-7FBC9C771FF2}"
EndProject
Project("{FAE04EC0-301F-11D3-BF4B-00C04F79EFBC}") = "TaskManager.Messaging", "src\TaskManager.Messaging\TaskManager.Messaging.csproj", "{7AEFC931-DA35-4378-9694-F85DCBE05C50}"
EndProject
Project("{FAE04EC0-301F-11D3-BF4B-00C04F79EFBC}") = "TaskManager.Contracts", "src\TaskManager.Contracts\TaskManager.Contracts.csproj", "{609E8F03-0B65-4BAC-85E2-F573B28B0B3B}"
EndProject
Project("{FAE04EC0-301F-11D3-BF4B-00C04F79EFBC}") = "TaskManager.ServiceBus", "src\TaskManager.ServiceBus\TaskManager.ServiceBus.csproj", "{81F3DED7-FB17-406E-8CAE-4FB5F7192F81}"
EndProject
Project("{FAE04EC0-301F-11D3-BF4B-00C04F79EFBC}") = "TaskManager.Infrastructure", "src\TaskManager.Infrastructure\TaskManager.Infrastructure.csproj", "{07FBC5E6-9B89-48CC-B6A4-853C32760295}"
EndProject
Project("{FAE04EC0-301F-11D3-BF4B-00C04F79EFBC}") = "TaskManager.WorkerService", "src\TaskManager.WorkerService\TaskManager.WorkerService.csproj", "{27211663-A4E8-4D4E-BDD9-5F778E162D86}"
EndProject
Project("{2150E333-8FDC-42A3-9474-1A3956D46DE8}") = "tests", "tests", "{93C1A272-891B-478F-BC3D-5039FE6B21CB}"
EndProject
Project("{FAE04EC0-301F-11D3-BF4B-00C04F79EFBC}") = "TaskManager.Services.Tests", "tests\TaskManager.Services.Tests\TaskManager.Services.Tests.csproj", "{89169CED-FC6B-4FA3-A1BF-45A42AACEF96}"
EndProject
Global
	GlobalSection(SolutionConfigurationPlatforms) = preSolution
		Debug|Any CPU = Debug|Any CPU
		Release|Any CPU = Release|Any CPU
	EndGlobalSection
	GlobalSection(ProjectConfigurationPlatforms) = postSolution
		{1066155B-7A4F-4082-9895-820B9A3970A1}.Debug|Any CPU.ActiveCfg = Debug|Any CPU
		{1066155B-7A4F-4082-9895-820B9A3970A1}.Debug|Any CPU.Build.0 = Debug|Any CPU
		{1066155B-7A4F-4082-9895-820B9A3970A1}.Release|Any CPU.ActiveCfg = Release|Any CPU
		{1066155B-7A4F-4082-9895-820B9A3970A1}.Release|Any CPU.Build.0 = Release|Any CPU
		{6077159A-2EBF-4AA9-A91B-2093687C5EE0}.Debug|Any CPU.ActiveCfg = Debug|Any CPU
		{6077159A-2EBF-4AA9-A91B-2093687C5EE0}.Debug|Any CPU.Build.0 = Debug|Any CPU
		{6077159A-2EBF-4AA9-A91B-2093687C5EE0}.Release|Any CPU.ActiveCfg = Release|Any CPU
		{6077159A-2EBF-4AA9-A91B-2093687C5EE0}.Release|Any CPU.Build.0 = Release|Any CPU
		{D0BD1F23-2606-4A20-9FBD-7FBC9C771FF2}.Debug|Any CPU.ActiveCfg = Debug|Any CPU
		{D0BD1F23-2606-4A20-9FBD-7FBC9C771FF2}.Debug|Any CPU.Build.0 = Debug|Any CPU
		{D0BD1F23-2606-4A20-9FBD-7FBC9C771FF2}.Release|Any CPU.ActiveCfg = Release|Any CPU
		{D0BD1F23-2606-4A20-9FBD-7FBC9C771FF2}.Release|Any CPU.Build.0 = Release|Any CPU
		{7AEFC931-DA35-4378-9694-F85DCBE05C50}.Debug|Any CPU.ActiveCfg = Debug|Any CPU
		{7AEFC931-DA35-4378-9694-F85DCBE05C50}.Debug|Any CPU.Build.0 = Debug|Any CPU
		{7AEFC931-DA35-4378-9694-F85DCBE05C50}.Release|Any CPU.ActiveCfg = Release|Any CPU
		{7AEFC931-DA35-4378-9694-F85DCBE05C50}.Release|Any CPU.Build.0 = Release|Any CPU
		{609E8F03-0B65-4BAC-85E2-F573B28B0B3B}.Debug|Any CPU.ActiveCfg = Debug|Any CPU
		{609E8F03-0B65-4BAC-85E2-F573B28B0B3B}.Debug|Any CPU.Build.0 = Debug|Any CPU
		{609E8F03-0B65-4BAC-85E2-F573B28B0B3B}.Release|Any CPU.ActiveCfg = Release|Any CPU
		{609E8F03-0B65-4BAC-85E2-F573B28B0B3B}.Release|Any CPU.Build.0 = Release|Any CPU
		{81F3DED7-FB17-406E-8CAE-4FB5F7192F81}.Debug|Any CPU.ActiveCfg = Debug|Any CPU
		{81F3DED7-FB17-406E-8CAE-4FB5F7192F81}.Debug|Any CPU.Build.0 = Debug|Any CPU
		{81F3DED7-FB17-406E-8CAE-4FB5F7192F81}.Release|Any CPU.ActiveCfg = Release|Any CPU
		{81F3DED7-FB17-406E-8CAE-4FB5F7192F81}.Release|Any CPU.Build.0 = Release|Any CPU
		{07FBC5E6-9B89-48CC-B6A4-853C32760295}.Debug|Any CPU.ActiveCfg = Debug|Any CPU
		{07FBC5E6-9B89-48CC-B6A4-853C32760295}.Debug|Any CPU.Build.0 = Debug|Any CPU
		{07FBC5E6-9B89-48CC-B6A4-853C32760295}.Release|Any CPU.ActiveCfg = Release|Any CPU
		{07FBC5E6-9B89-48CC-B6A4-853C32760295}.Release|Any CPU.Build.0 = Release|Any CPU
		{27211663-A4E8-4D4E-BDD9-5F778E162D86}.Debug|Any CPU.ActiveCfg = Debug|Any CPU
		{27211663-A4E8-4D4E-BDD9-5F778E162D86}.Debug|Any CPU.Build.0 = Debug|Any CPU
		{27211663-A4E8-4D4E-BDD9-5F778E162D86}.Release|Any CPU.ActiveCfg = Release|Any CPU
		{27211663-A4E8-4D4E-BDD9-5F778E162D86}.Release|Any CPU.Build.0 = Release|Any CPU
		{89169CED-FC6B-4FA3-A1BF-45A42AACEF96}.Debug|Any CPU.ActiveCfg = Debug|Any CPU
		{89169CED-FC6B-4FA3-A1BF-45A42AACEF96}.Debug|Any CPU.Build.0 = Debug|Any CPU
		{89169CED-FC6B-4FA3-A1BF-45A42AACEF96}.Release|Any CPU.ActiveCfg = Release|Any CPU
		{89169CED-FC6B-4FA3-A1BF-45A42AACEF96}.Release|Any CPU.Build.0 = Release|Any CPU
	EndGlobalSection
	GlobalSection(NestedProjects) = preSolution
		{1066155B-7A4F-4082-9895-820B9A3970A1} = {61FB8615-BD5B-4329-B675-5F0D47470C37}
		{6077159A-2EBF-4AA9-A91B-2093687C5EE0} = {61FB8615-BD5B-4329-B675-5F0D47470C37}
		{D0BD1F23-2606-4A20-9FBD-7FBC9C771FF2} = {61FB8615-BD5B-4329-B675-5F0D47470C37}
		{7AEFC931-DA35-4378-9694-F85DCBE05C50} = {61FB8615-BD5B-4329-B675-5F0D47470C37}
		{609E8F03-0B65-4BAC-85E2-F573B28B0B3B} = {61FB8615-BD5B-4329-B675-5F0D47470C37}
		{81F3DED7-FB17-406E-8CAE-4FB5F7192F81} = {61FB8615-BD5B-4329-B675-5F0D47470C37}
		{07FBC5E6-9B89-48CC-B6A4-853C32760295} = {61FB8615-BD5B-4329-B675-5F0D47470C37}
		{27211663-A4E8-4D4E-BDD9-5F778E162D86} = {61FB8615-BD5B-4329-B675-5F0D47470C37}
		{89169CED-FC6B-4FA3-A1BF-45A42AACEF96} = {93C1A272-891B-478F-BC3D-5039FE6B21CB}
	EndGlobalSection
EndGlobal
